
Microsoft Visual Studio Solution File, Format Version 12.00
# Visual Studio Version 17
VisualStudioVersion = 17.14.36310.24 d17.14
MinimumVisualStudioVersion = 10.0.40219.1
Project("{FAE04EC0-301F-11D3-BF4B-00C04F79EFBC}") = "Atividade 6", "Atividade 6\Atividade 6.csproj", "{72FB1696-C795-452F-A827-7068ED54EF9D}"
EndProject
Global
	GlobalSection(SolutionConfigurationPlatforms) = preSolution
		Debug|Any CPU = Debug|Any CPU
		Release|Any CPU = Release|Any CPU
	EndGlobalSection
	GlobalSection(ProjectConfigurationPlatforms) = postSolution
		{72FB1696-C795-452F-A827-7068ED54EF9D}.Debug|Any CPU.ActiveCfg = Debug|Any CPU
		{72FB1696-C795-452F-A827-7068ED54EF9D}.Debug|Any CPU.Build.0 = Debug|Any CPU
		{72FB1696-C795-452F-A827-7068ED54EF9D}.Release|Any CPU.ActiveCfg = Release|Any CPU
		{72FB1696-C795-452F-A827-7068ED54EF9D}.Release|Any CPU.Build.0 = Release|Any CPU
	EndGlobalSection
	GlobalSection(SolutionProperties) = preSolution
		HideSolutionNode = FALSE
	EndGlobalSection
	GlobalSection(ExtensibilityGlobals) = postSolution
		SolutionGuid = {1993BBC1-5225-45BA-8642-0D18C24111FB}
	EndGlobalSection
EndGlobal
