
Microsoft Visual Studio Solution File, Format Version 12.00
# Visual Studio Version 17
VisualStudioVersion = 17.14.36310.24 d17.14
MinimumVisualStudioVersion = 10.0.40219.1
Project("{FAE04EC0-301F-11D3-BF4B-00C04F79EFBC}") = "atividade 1", "atividade 1\atividade 1.csproj", "{2BD257A0-C216-439E-9F69-458F9210C198}"
EndProject
Global
	GlobalSection(SolutionConfigurationPlatforms) = preSolution
		Debug|Any CPU = Debug|Any CPU
		Release|Any CPU = Release|Any CPU
	EndGlobalSection
	GlobalSection(ProjectConfigurationPlatforms) = postSolution
		{2BD257A0-C216-439E-9F69-458F9210C198}.Debug|Any CPU.ActiveCfg = Debug|Any CPU
		{2BD257A0-C216-439E-9F69-458F9210C198}.Debug|Any CPU.Build.0 = Debug|Any CPU
		{2BD257A0-C216-439E-9F69-458F9210C198}.Release|Any CPU.ActiveCfg = Release|Any CPU
		{2BD257A0-C216-439E-9F69-458F9210C198}.Release|Any CPU.Build.0 = Release|Any CPU
	EndGlobalSection
	GlobalSection(SolutionProperties) = preSolution
		HideSolutionNode = FALSE
	EndGlobalSection
	GlobalSection(ExtensibilityGlobals) = postSolution
		SolutionGuid = {4290D145-E59A-4DB1-B215-6EF62C2AA523}
	EndGlobalSection
EndGlobal
